
Microsoft Visual Studio Solution File, Format Version 12.00
# Visual Studio Version 16
VisualStudioVersion = 16.0.29911.84
MinimumVisualStudioVersion = 10.0.40219.1
Project("{9A19103F-16F7-4668-BE54-9A1E7A4F7556}") = "WhisleBotConsole", "WhisleBotConsole.csproj", "{FDD6D341-34F2-4CB5-95D4-DEAD8DDFF78C}"
EndProject
Global
	GlobalSection(SolutionConfigurationPlatforms) = preSolution
		Debug|Any CPU = Debug|Any CPU
		Release|Any CPU = Release|Any CPU
	EndGlobalSection
	GlobalSection(ProjectConfigurationPlatforms) = postSolution
		{FDD6D341-34F2-4CB5-95D4-DEAD8DDFF78C}.Debug|Any CPU.ActiveCfg = Debug|Any CPU
		{FDD6D341-34F2-4CB5-95D4-DEAD8DDFF78C}.Debug|Any CPU.Build.0 = Debug|Any CPU
		{FDD6D341-34F2-4CB5-95D4-DEAD8DDFF78C}.Release|Any CPU.ActiveCfg = Release|Any CPU
		{FDD6D341-34F2-4CB5-95D4-DEAD8DDFF78C}.Release|Any CPU.Build.0 = Release|Any CPU
	EndGlobalSection
	GlobalSection(SolutionProperties) = preSolution
		HideSolutionNode = FALSE
	EndGlobalSection
	GlobalSection(ExtensibilityGlobals) = postSolution
		SolutionGuid = {E51BDDE4-09AD-42CD-86CE-CACA08ECA9E3}
	EndGlobalSection
EndGlobal
